
Microsoft Visual Studio Solution File, Format Version 12.00
# Visual Studio Version 16
VisualStudioVersion = 16.0.29926.136
MinimumVisualStudioVersion = 10.0.40219.1
Project("{FAE04EC0-301F-11D3-BF4B-00C04F79EFBC}") = "Julio_Cortes_Examen", "Julio_Cortes_Examen.csproj", "{8619114A-B709-48D2-AE9B-03D2AF279957}"
EndProject
Global
	GlobalSection(SolutionConfigurationPlatforms) = preSolution
		Debug|Any CPU = Debug|Any CPU
		Release|Any CPU = Release|Any CPU
	EndGlobalSection
	GlobalSection(ProjectConfigurationPlatforms) = postSolution
		{8619114A-B709-48D2-AE9B-03D2AF279957}.Debug|Any CPU.ActiveCfg = Debug|Any CPU
		{8619114A-B709-48D2-AE9B-03D2AF279957}.Debug|Any CPU.Build.0 = Debug|Any CPU
		{8619114A-B709-48D2-AE9B-03D2AF279957}.Release|Any CPU.ActiveCfg = Release|Any CPU
		{8619114A-B709-48D2-AE9B-03D2AF279957}.Release|Any CPU.Build.0 = Release|Any CPU
	EndGlobalSection
	GlobalSection(SolutionProperties) = preSolution
		HideSolutionNode = FALSE
	EndGlobalSection
	GlobalSection(ExtensibilityGlobals) = postSolution
		SolutionGuid = {62F16AD7-04E7-4F14-80D5-4D5526E39F56}
	EndGlobalSection
EndGlobal
